
Microsoft Visual Studio Solution File, Format Version 12.00
# Visual Studio Version 17
VisualStudioVersion = 17.0.31903.59
MinimumVisualStudioVersion = 10.0.40219.1
Project("{2150E333-8FDC-42A3-9474-1A3956D46DE8}") = "src", "src", "{827E0CD3-B72D-47B6-A68D-7590B98EB39B}"
EndProject
Project("{FAE04EC0-301F-11D3-BF4B-00C04F79EFBC}") = "BoschHomeVn.Admin", "src\BoschHomeVn.Admin\BoschHomeVn.Admin.csproj", "{0C20DF3F-4549-41F1-901A-51B00914D47E}"
EndProject
Project("{FAE04EC0-301F-11D3-BF4B-00C04F79EFBC}") = "BoschHomeVn.Api", "src\BoschHomeVn.Api\BoschHomeVn.Api.csproj", "{A20438AF-BBF7-4008-A0DB-3E8F2FC82DD9}"
EndProject
Project("{FAE04EC0-301F-11D3-BF4B-00C04F79EFBC}") = "BoschHomeVn.Application", "src\BoschHomeVn.Application\BoschHomeVn.Application.csproj", "{5DD1AE93-B934-4817-9A14-DA1F2B006EF7}"
EndProject
Project("{FAE04EC0-301F-11D3-BF4B-00C04F79EFBC}") = "BoschHomeVn.Contracts", "src\BoschHomeVn.Contracts\BoschHomeVn.Contracts.csproj", "{50D7040A-2303-41DD-ABFC-FCA235F2B964}"
EndProject
Project("{FAE04EC0-301F-11D3-BF4B-00C04F79EFBC}") = "BoschHomeVn.Domain", "src\BoschHomeVn.Domain\BoschHomeVn.Domain.csproj", "{375D9F57-C8E1-4AE4-9D05-5C898F715B33}"
EndProject
Project("{FAE04EC0-301F-11D3-BF4B-00C04F79EFBC}") = "BoschHomeVn.Infrastructure", "src\BoschHomeVn.Infrastructure\BoschHomeVn.Infrastructure.csproj", "{053B363E-932D-4A34-9E4B-B340F9102DEC}"
EndProject
Project("{FAE04EC0-301F-11D3-BF4B-00C04F79EFBC}") = "BoschHomeVn.WebStore", "src\BoschHomeVn.WebStore\BoschHomeVn.WebStore.csproj", "{A3958784-E5AA-481D-8E79-277C8074D280}"
EndProject
Global
	GlobalSection(SolutionConfigurationPlatforms) = preSolution
		Debug|Any CPU = Debug|Any CPU
		Debug|x64 = Debug|x64
		Debug|x86 = Debug|x86
		Release|Any CPU = Release|Any CPU
		Release|x64 = Release|x64
		Release|x86 = Release|x86
	EndGlobalSection
	GlobalSection(ProjectConfigurationPlatforms) = postSolution
		{0C20DF3F-4549-41F1-901A-51B00914D47E}.Debug|Any CPU.ActiveCfg = Debug|Any CPU
		{0C20DF3F-4549-41F1-901A-51B00914D47E}.Debug|Any CPU.Build.0 = Debug|Any CPU
		{0C20DF3F-4549-41F1-901A-51B00914D47E}.Debug|x64.ActiveCfg = Debug|Any CPU
		{0C20DF3F-4549-41F1-901A-51B00914D47E}.Debug|x64.Build.0 = Debug|Any CPU
		{0C20DF3F-4549-41F1-901A-51B00914D47E}.Debug|x86.ActiveCfg = Debug|Any CPU
		{0C20DF3F-4549-41F1-901A-51B00914D47E}.Debug|x86.Build.0 = Debug|Any CPU
		{0C20DF3F-4549-41F1-901A-51B00914D47E}.Release|Any CPU.ActiveCfg = Release|Any CPU
		{0C20DF3F-4549-41F1-901A-51B00914D47E}.Release|Any CPU.Build.0 = Release|Any CPU
		{0C20DF3F-4549-41F1-901A-51B00914D47E}.Release|x64.ActiveCfg = Release|Any CPU
		{0C20DF3F-4549-41F1-901A-51B00914D47E}.Release|x64.Build.0 = Release|Any CPU
		{0C20DF3F-4549-41F1-901A-51B00914D47E}.Release|x86.ActiveCfg = Release|Any CPU
		{0C20DF3F-4549-41F1-901A-51B00914D47E}.Release|x86.Build.0 = Release|Any CPU
		{A20438AF-BBF7-4008-A0DB-3E8F2FC82DD9}.Debug|Any CPU.ActiveCfg = Debug|Any CPU
		{A20438AF-BBF7-4008-A0DB-3E8F2FC82DD9}.Debug|Any CPU.Build.0 = Debug|Any CPU
		{A20438AF-BBF7-4008-A0DB-3E8F2FC82DD9}.Debug|x64.ActiveCfg = Debug|Any CPU
		{A20438AF-BBF7-4008-A0DB-3E8F2FC82DD9}.Debug|x64.Build.0 = Debug|Any CPU
		{A20438AF-BBF7-4008-A0DB-3E8F2FC82DD9}.Debug|x86.ActiveCfg = Debug|Any CPU
		{A20438AF-BBF7-4008-A0DB-3E8F2FC82DD9}.Debug|x86.Build.0 = Debug|Any CPU
		{A20438AF-BBF7-4008-A0DB-3E8F2FC82DD9}.Release|Any CPU.ActiveCfg = Release|Any CPU
		{A20438AF-BBF7-4008-A0DB-3E8F2FC82DD9}.Release|Any CPU.Build.0 = Release|Any CPU
		{A20438AF-BBF7-4008-A0DB-3E8F2FC82DD9}.Release|x64.ActiveCfg = Release|Any CPU
		{A20438AF-BBF7-4008-A0DB-3E8F2FC82DD9}.Release|x64.Build.0 = Release|Any CPU
		{A20438AF-BBF7-4008-A0DB-3E8F2FC82DD9}.Release|x86.ActiveCfg = Release|Any CPU
		{A20438AF-BBF7-4008-A0DB-3E8F2FC82DD9}.Release|x86.Build.0 = Release|Any CPU
		{5DD1AE93-B934-4817-9A14-DA1F2B006EF7}.Debug|Any CPU.ActiveCfg = Debug|Any CPU
		{5DD1AE93-B934-4817-9A14-DA1F2B006EF7}.Debug|Any CPU.Build.0 = Debug|Any CPU
		{5DD1AE93-B934-4817-9A14-DA1F2B006EF7}.Debug|x64.ActiveCfg = Debug|Any CPU
		{5DD1AE93-B934-4817-9A14-DA1F2B006EF7}.Debug|x64.Build.0 = Debug|Any CPU
		{5DD1AE93-B934-4817-9A14-DA1F2B006EF7}.Debug|x86.ActiveCfg = Debug|Any CPU
		{5DD1AE93-B934-4817-9A14-DA1F2B006EF7}.Debug|x86.Build.0 = Debug|Any CPU
		{5DD1AE93-B934-4817-9A14-DA1F2B006EF7}.Release|Any CPU.ActiveCfg = Release|Any CPU
		{5DD1AE93-B934-4817-9A14-DA1F2B006EF7}.Release|Any CPU.Build.0 = Release|Any CPU
		{5DD1AE93-B934-4817-9A14-DA1F2B006EF7}.Release|x64.ActiveCfg = Release|Any CPU
		{5DD1AE93-B934-4817-9A14-DA1F2B006EF7}.Release|x64.Build.0 = Release|Any CPU
		{5DD1AE93-B934-4817-9A14-DA1F2B006EF7}.Release|x86.ActiveCfg = Release|Any CPU
		{5DD1AE93-B934-4817-9A14-DA1F2B006EF7}.Release|x86.Build.0 = Release|Any CPU
		{50D7040A-2303-41DD-ABFC-FCA235F2B964}.Debug|Any CPU.ActiveCfg = Debug|Any CPU
		{50D7040A-2303-41DD-ABFC-FCA235F2B964}.Debug|Any CPU.Build.0 = Debug|Any CPU
		{50D7040A-2303-41DD-ABFC-FCA235F2B964}.Debug|x64.ActiveCfg = Debug|Any CPU
		{50D7040A-2303-41DD-ABFC-FCA235F2B964}.Debug|x64.Build.0 = Debug|Any CPU
		{50D7040A-2303-41DD-ABFC-FCA235F2B964}.Debug|x86.ActiveCfg = Debug|Any CPU
		{50D7040A-2303-41DD-ABFC-FCA235F2B964}.Debug|x86.Build.0 = Debug|Any CPU
		{50D7040A-2303-41DD-ABFC-FCA235F2B964}.Release|Any CPU.ActiveCfg = Release|Any CPU
		{50D7040A-2303-41DD-ABFC-FCA235F2B964}.Release|Any CPU.Build.0 = Release|Any CPU
		{50D7040A-2303-41DD-ABFC-FCA235F2B964}.Release|x64.ActiveCfg = Release|Any CPU
		{50D7040A-2303-41DD-ABFC-FCA235F2B964}.Release|x64.Build.0 = Release|Any CPU
		{50D7040A-2303-41DD-ABFC-FCA235F2B964}.Release|x86.ActiveCfg = Release|Any CPU
		{50D7040A-2303-41DD-ABFC-FCA235F2B964}.Release|x86.Build.0 = Release|Any CPU
		{375D9F57-C8E1-4AE4-9D05-5C898F715B33}.Debug|Any CPU.ActiveCfg = Debug|Any CPU
		{375D9F57-C8E1-4AE4-9D05-5C898F715B33}.Debug|Any CPU.Build.0 = Debug|Any CPU
		{375D9F57-C8E1-4AE4-9D05-5C898F715B33}.Debug|x64.ActiveCfg = Debug|Any CPU
		{375D9F57-C8E1-4AE4-9D05-5C898F715B33}.Debug|x64.Build.0 = Debug|Any CPU
		{375D9F57-C8E1-4AE4-9D05-5C898F715B33}.Debug|x86.ActiveCfg = Debug|Any CPU
		{375D9F57-C8E1-4AE4-9D05-5C898F715B33}.Debug|x86.Build.0 = Debug|Any CPU
		{375D9F57-C8E1-4AE4-9D05-5C898F715B33}.Release|Any CPU.ActiveCfg = Release|Any CPU
		{375D9F57-C8E1-4AE4-9D05-5C898F715B33}.Release|Any CPU.Build.0 = Release|Any CPU
		{375D9F57-C8E1-4AE4-9D05-5C898F715B33}.Release|x64.ActiveCfg = Release|Any CPU
		{375D9F57-C8E1-4AE4-9D05-5C898F715B33}.Release|x64.Build.0 = Release|Any CPU
		{375D9F57-C8E1-4AE4-9D05-5C898F715B33}.Release|x86.ActiveCfg = Release|Any CPU
		{375D9F57-C8E1-4AE4-9D05-5C898F715B33}.Release|x86.Build.0 = Release|Any CPU
		{053B363E-932D-4A34-9E4B-B340F9102DEC}.Debug|Any CPU.ActiveCfg = Debug|Any CPU
		{053B363E-932D-4A34-9E4B-B340F9102DEC}.Debug|Any CPU.Build.0 = Debug|Any CPU
		{053B363E-932D-4A34-9E4B-B340F9102DEC}.Debug|x64.ActiveCfg = Debug|Any CPU
		{053B363E-932D-4A34-9E4B-B340F9102DEC}.Debug|x64.Build.0 = Debug|Any CPU
		{053B363E-932D-4A34-9E4B-B340F9102DEC}.Debug|x86.ActiveCfg = Debug|Any CPU
		{053B363E-932D-4A34-9E4B-B340F9102DEC}.Debug|x86.Build.0 = Debug|Any CPU
		{053B363E-932D-4A34-9E4B-B340F9102DEC}.Release|Any CPU.ActiveCfg = Release|Any CPU
		{053B363E-932D-4A34-9E4B-B340F9102DEC}.Release|Any CPU.Build.0 = Release|Any CPU
		{053B363E-932D-4A34-9E4B-B340F9102DEC}.Release|x64.ActiveCfg = Release|Any CPU
		{053B363E-932D-4A34-9E4B-B340F9102DEC}.Release|x64.Build.0 = Release|Any CPU
		{053B363E-932D-4A34-9E4B-B340F9102DEC}.Release|x86.ActiveCfg = Release|Any CPU
		{053B363E-932D-4A34-9E4B-B340F9102DEC}.Release|x86.Build.0 = Release|Any CPU
		{A3958784-E5AA-481D-8E79-277C8074D280}.Debug|Any CPU.ActiveCfg = Debug|Any CPU
		{A3958784-E5AA-481D-8E79-277C8074D280}.Debug|Any CPU.Build.0 = Debug|Any CPU
		{A3958784-E5AA-481D-8E79-277C8074D280}.Debug|x64.ActiveCfg = Debug|Any CPU
		{A3958784-E5AA-481D-8E79-277C8074D280}.Debug|x64.Build.0 = Debug|Any CPU
		{A3958784-E5AA-481D-8E79-277C8074D280}.Debug|x86.ActiveCfg = Debug|Any CPU
		{A3958784-E5AA-481D-8E79-277C8074D280}.Debug|x86.Build.0 = Debug|Any CPU
		{A3958784-E5AA-481D-8E79-277C8074D280}.Release|Any CPU.ActiveCfg = Release|Any CPU
		{A3958784-E5AA-481D-8E79-277C8074D280}.Release|Any CPU.Build.0 = Release|Any CPU
		{A3958784-E5AA-481D-8E79-277C8074D280}.Release|x64.ActiveCfg = Release|Any CPU
		{A3958784-E5AA-481D-8E79-277C8074D280}.Release|x64.Build.0 = Release|Any CPU
		{A3958784-E5AA-481D-8E79-277C8074D280}.Release|x86.ActiveCfg = Release|Any CPU
		{A3958784-E5AA-481D-8E79-277C8074D280}.Release|x86.Build.0 = Release|Any CPU
	EndGlobalSection
	GlobalSection(SolutionProperties) = preSolution
		HideSolutionNode = FALSE
	EndGlobalSection
	GlobalSection(NestedProjects) = preSolution
		{0C20DF3F-4549-41F1-901A-51B00914D47E} = {827E0CD3-B72D-47B6-A68D-7590B98EB39B}
		{A20438AF-BBF7-4008-A0DB-3E8F2FC82DD9} = {827E0CD3-B72D-47B6-A68D-7590B98EB39B}
		{5DD1AE93-B934-4817-9A14-DA1F2B006EF7} = {827E0CD3-B72D-47B6-A68D-7590B98EB39B}
		{50D7040A-2303-41DD-ABFC-FCA235F2B964} = {827E0CD3-B72D-47B6-A68D-7590B98EB39B}
		{375D9F57-C8E1-4AE4-9D05-5C898F715B33} = {827E0CD3-B72D-47B6-A68D-7590B98EB39B}
		{053B363E-932D-4A34-9E4B-B340F9102DEC} = {827E0CD3-B72D-47B6-A68D-7590B98EB39B}
		{A3958784-E5AA-481D-8E79-277C8074D280} = {827E0CD3-B72D-47B6-A68D-7590B98EB39B}
	EndGlobalSection
EndGlobal
